// !$*UTF8*$!
{
	archiveVersion = 1;
	classes = {
	};
	objectVersion = 46;
	objects = {

/* Begin PBXBuildFile section */
		20F7376D760ADC6ECC6E023D /* Pods_PHQ_SADS.framework in Frameworks */ = {isa = PBXBuildFile; fileRef = 7DD649A7F289130EECB47026 /* Pods_PHQ_SADS.framework */; };
		27053E851C72E043004ECC63 /* DepressionSourceTableViewController.swift in Sources */ = {isa = PBXBuildFile; fileRef = 27053E841C72E043004ECC63 /* DepressionSourceTableViewController.swift */; };
		2729E5031C68262900D6DC0D /* InfoTableViewController.swift in Sources */ = {isa = PBXBuildFile; fileRef = 2729E5021C68262900D6DC0D /* InfoTableViewController.swift */; };
		272F5F791C4C760B003BE5FE /* PHQTest.swift in Sources */ = {isa = PBXBuildFile; fileRef = 272F5F781C4C760B003BE5FE /* PHQTest.swift */; };
		274B833C1C64460600E7C30A /* MasterHistoryTableViewController.swift in Sources */ = {isa = PBXBuildFile; fileRef = 274B833B1C64460600E7C30A /* MasterHistoryTableViewController.swift */; };
		275BEE181C43493800F416CA /* DataSource.swift in Sources */ = {isa = PBXBuildFile; fileRef = 275BEE171C43493800F416CA /* DataSource.swift */; };
		2796C6671C4198ED00989DCE /* ContentViewController.swift in Sources */ = {isa = PBXBuildFile; fileRef = 2796C6661C4198ED00989DCE /* ContentViewController.swift */; };
		27D9134D1C65BF5900A2BAC1 /* HistoryBarChartViewController.swift in Sources */ = {isa = PBXBuildFile; fileRef = 27D9134C1C65BF5900A2BAC1 /* HistoryBarChartViewController.swift */; };
		27E0B3241C55923E00BD3752 /* History+CoreDataProperties.swift in Sources */ = {isa = PBXBuildFile; fileRef = 27E0B3221C55923E00BD3752 /* History+CoreDataProperties.swift */; };
		27E0B3251C55923E00BD3752 /* History.swift in Sources */ = {isa = PBXBuildFile; fileRef = 27E0B3231C55923E00BD3752 /* History.swift */; };
		27EEDE7C1C36E98600A6CC62 /* AppDelegate.swift in Sources */ = {isa = PBXBuildFile; fileRef = 27EEDE7B1C36E98600A6CC62 /* AppDelegate.swift */; };
		27EEDE811C36E98600A6CC62 /* Main.storyboard in Resources */ = {isa = PBXBuildFile; fileRef = 27EEDE7F1C36E98600A6CC62 /* Main.storyboard */; };
		27EEDE841C36E98600A6CC62 /* PHQ_SADS.xcdatamodeld in Sources */ = {isa = PBXBuildFile; fileRef = 27EEDE821C36E98600A6CC62 /* PHQ_SADS.xcdatamodeld */; };
		27EEDE861C36E98600A6CC62 /* Assets.xcassets in Resources */ = {isa = PBXBuildFile; fileRef = 27EEDE851C36E98600A6CC62 /* Assets.xcassets */; };
		27EEDE891C36E98600A6CC62 /* LaunchScreen.storyboard in Resources */ = {isa = PBXBuildFile; fileRef = 27EEDE871C36E98600A6CC62 /* LaunchScreen.storyboard */; };
		27EEDE911C3764F300A6CC62 /* TestViewController.swift in Sources */ = {isa = PBXBuildFile; fileRef = 27EEDE901C3764F300A6CC62 /* TestViewController.swift */; };
		27EEDE9D1C3766CB00A6CC62 /* ResultViewController.swift in Sources */ = {isa = PBXBuildFile; fileRef = 27EEDE9C1C3766CB00A6CC62 /* ResultViewController.swift */; };
		27EEDEA31C37723C00A6CC62 /* RightMenuTableViewController.swift in Sources */ = {isa = PBXBuildFile; fileRef = 27EEDEA21C37723C00A6CC62 /* RightMenuTableViewController.swift */; };
		27EEDEA51C37724E00A6CC62 /* LeftMenuTableViewController.swift in Sources */ = {isa = PBXBuildFile; fileRef = 27EEDEA41C37724E00A6CC62 /* LeftMenuTableViewController.swift */; };
		27F4D2F61C38A03000D097E0 /* PHQ-SADSViewController.swift in Sources */ = {isa = PBXBuildFile; fileRef = 27F4D2F51C38A03000D097E0 /* PHQ-SADSViewController.swift */; };
/* End PBXBuildFile section */

/* Begin PBXFileReference section */
		27053E841C72E043004ECC63 /* DepressionSourceTableViewController.swift */ = {isa = PBXFileReference; fileEncoding = 4; lastKnownFileType = sourcecode.swift; path = DepressionSourceTableViewController.swift; sourceTree = "<group>"; };
		2729E5021C68262900D6DC0D /* InfoTableViewController.swift */ = {isa = PBXFileReference; fileEncoding = 4; lastKnownFileType = sourcecode.swift; path = InfoTableViewController.swift; sourceTree = "<group>"; };
		272F5F781C4C760B003BE5FE /* PHQTest.swift */ = {isa = PBXFileReference; fileEncoding = 4; lastKnownFileType = sourcecode.swift; path = PHQTest.swift; sourceTree = "<group>"; };
		274B833B1C64460600E7C30A /* MasterHistoryTableViewController.swift */ = {isa = PBXFileReference; fileEncoding = 4; lastKnownFileType = sourcecode.swift; path = MasterHistoryTableViewController.swift; sourceTree = "<group>"; };
		275BEE171C43493800F416CA /* DataSource.swift */ = {isa = PBXFileReference; fileEncoding = 4; lastKnownFileType = sourcecode.swift; path = DataSource.swift; sourceTree = "<group>"; };
		2796C6661C4198ED00989DCE /* ContentViewController.swift */ = {isa = PBXFileReference; fileEncoding = 4; lastKnownFileType = sourcecode.swift; path = ContentViewController.swift; sourceTree = "<group>"; };
		27D9134C1C65BF5900A2BAC1 /* HistoryBarChartViewController.swift */ = {isa = PBXFileReference; fileEncoding = 4; lastKnownFileType = sourcecode.swift; path = HistoryBarChartViewController.swift; sourceTree = "<group>"; };
		27E0B3221C55923E00BD3752 /* History+CoreDataProperties.swift */ = {isa = PBXFileReference; fileEncoding = 4; lastKnownFileType = sourcecode.swift; path = "History+CoreDataProperties.swift"; sourceTree = "<group>"; };
		27E0B3231C55923E00BD3752 /* History.swift */ = {isa = PBXFileReference; fileEncoding = 4; lastKnownFileType = sourcecode.swift; path = History.swift; sourceTree = "<group>"; };
		27EEDE781C36E98600A6CC62 /* PHQ-SADS.app */ = {isa = PBXFileReference; explicitFileType = wrapper.application; includeInIndex = 0; path = "PHQ-SADS.app"; sourceTree = BUILT_PRODUCTS_DIR; };
		27EEDE7B1C36E98600A6CC62 /* AppDelegate.swift */ = {isa = PBXFileReference; lastKnownFileType = sourcecode.swift; path = AppDelegate.swift; sourceTree = "<group>"; };
		27EEDE801C36E98600A6CC62 /* Base */ = {isa = PBXFileReference; lastKnownFileType = file.storyboard; name = Base; path = Base.lproj/Main.storyboard; sourceTree = "<group>"; };
		27EEDE831C36E98600A6CC62 /* PHQ_SADS.xcdatamodel */ = {isa = PBXFileReference; lastKnownFileType = wrapper.xcdatamodel; path = PHQ_SADS.xcdatamodel; sourceTree = "<group>"; };
		27EEDE851C36E98600A6CC62 /* Assets.xcassets */ = {isa = PBXFileReference; lastKnownFileType = folder.assetcatalog; path = Assets.xcassets; sourceTree = "<group>"; };
		27EEDE881C36E98600A6CC62 /* Base */ = {isa = PBXFileReference; lastKnownFileType = file.storyboard; name = Base; path = Base.lproj/LaunchScreen.storyboard; sourceTree = "<group>"; };
		27EEDE8A1C36E98600A6CC62 /* Info.plist */ = {isa = PBXFileReference; lastKnownFileType = text.plist.xml; path = Info.plist; sourceTree = "<group>"; };
		27EEDE901C3764F300A6CC62 /* TestViewController.swift */ = {isa = PBXFileReference; fileEncoding = 4; lastKnownFileType = sourcecode.swift; path = TestViewController.swift; sourceTree = "<group>"; };
		27EEDE9C1C3766CB00A6CC62 /* ResultViewController.swift */ = {isa = PBXFileReference; fileEncoding = 4; lastKnownFileType = sourcecode.swift; path = ResultViewController.swift; sourceTree = "<group>"; };
		27EEDEA21C37723C00A6CC62 /* RightMenuTableViewController.swift */ = {isa = PBXFileReference; fileEncoding = 4; lastKnownFileType = sourcecode.swift; path = RightMenuTableViewController.swift; sourceTree = "<group>"; };
		27EEDEA41C37724E00A6CC62 /* LeftMenuTableViewController.swift */ = {isa = PBXFileReference; fileEncoding = 4; lastKnownFileType = sourcecode.swift; path = LeftMenuTableViewController.swift; sourceTree = "<group>"; };
		27F4D2F51C38A03000D097E0 /* PHQ-SADSViewController.swift */ = {isa = PBXFileReference; fileEncoding = 4; lastKnownFileType = sourcecode.swift; path = "PHQ-SADSViewController.swift"; sourceTree = "<group>"; };
		58636DB8A0063E24E26FDC2B /* Pods-PHQ-SADS.release.xcconfig */ = {isa = PBXFileReference; includeInIndex = 1; lastKnownFileType = text.xcconfig; name = "Pods-PHQ-SADS.release.xcconfig"; path = "Pods/Target Support Files/Pods-PHQ-SADS/Pods-PHQ-SADS.release.xcconfig"; sourceTree = "<group>"; };
		6243C0292002EEF75F1AE47F /* Pods-PHQ-SADS.debug.xcconfig */ = {isa = PBXFileReference; includeInIndex = 1; lastKnownFileType = text.xcconfig; name = "Pods-PHQ-SADS.debug.xcconfig"; path = "Pods/Target Support Files/Pods-PHQ-SADS/Pods-PHQ-SADS.debug.xcconfig"; sourceTree = "<group>"; };
		7DD649A7F289130EECB47026 /* Pods_PHQ_SADS.framework */ = {isa = PBXFileReference; explicitFileType = wrapper.framework; includeInIndex = 0; path = Pods_PHQ_SADS.framework; sourceTree = BUILT_PRODUCTS_DIR; };
/* End PBXFileReference section */

/* Begin PBXFrameworksBuildPhase section */
		27EEDE751C36E98600A6CC62 /* Frameworks */ = {
			isa = PBXFrameworksBuildPhase;
			buildActionMask = 2147483647;
			files = (
				20F7376D760ADC6ECC6E023D /* Pods_PHQ_SADS.framework in Frameworks */,
			);
			runOnlyForDeploymentPostprocessing = 0;
		};
/* End PBXFrameworksBuildPhase section */

/* Begin PBXGroup section */
		275BEE191C43493E00F416CA /* Data Source */ = {
			isa = PBXGroup;
			children = (
				272F5F781C4C760B003BE5FE /* PHQTest.swift */,
				275BEE171C43493800F416CA /* DataSource.swift */,
			);
			name = "Data Source";
			sourceTree = "<group>";
		};
		27EEDE6F1C36E98600A6CC62 = {
			isa = PBXGroup;
			children = (
				27EEDE7A1C36E98600A6CC62 /* PHQ-SADS */,
				27EEDE791C36E98600A6CC62 /* Products */,
				6CA52B1092BF7F6508945973 /* Pods */,
				F929FDDFA55BA400A88B48ED /* Frameworks */,
			);
			sourceTree = "<group>";
		};
		27EEDE791C36E98600A6CC62 /* Products */ = {
			isa = PBXGroup;
			children = (
				27EEDE781C36E98600A6CC62 /* PHQ-SADS.app */,
			);
			name = Products;
			sourceTree = "<group>";
		};
		27EEDE7A1C36E98600A6CC62 /* PHQ-SADS */ = {
			isa = PBXGroup;
			children = (
				275BEE191C43493E00F416CA /* Data Source */,
				27EEDE9B1C37664100A6CC62 /* Core Data */,
				27EEDE9A1C37662E00A6CC62 /* Bundle Files */,
				27EEDE991C3765A300A6CC62 /* Storyboards */,
				27EEDE981C37654900A6CC62 /* Controllers */,
			);
			path = "PHQ-SADS";
			sourceTree = "<group>";
		};
		27EEDE981C37654900A6CC62 /* Controllers */ = {
			isa = PBXGroup;
			children = (
				27F4D2F51C38A03000D097E0 /* PHQ-SADSViewController.swift */,
				27EEDEA21C37723C00A6CC62 /* RightMenuTableViewController.swift */,
				27EEDEA41C37724E00A6CC62 /* LeftMenuTableViewController.swift */,
				27EEDE901C3764F300A6CC62 /* TestViewController.swift */,
				2796C6661C4198ED00989DCE /* ContentViewController.swift */,
				27EEDE9C1C3766CB00A6CC62 /* ResultViewController.swift */,
				274B833B1C64460600E7C30A /* MasterHistoryTableViewController.swift */,
				27D9134C1C65BF5900A2BAC1 /* HistoryBarChartViewController.swift */,
				2729E5021C68262900D6DC0D /* InfoTableViewController.swift */,
				27053E841C72E043004ECC63 /* DepressionSourceTableViewController.swift */,
			);
			name = Controllers;
			sourceTree = "<group>";
		};
		27EEDE991C3765A300A6CC62 /* Storyboards */ = {
			isa = PBXGroup;
			children = (
				27EEDE7F1C36E98600A6CC62 /* Main.storyboard */,
				27EEDE871C36E98600A6CC62 /* LaunchScreen.storyboard */,
			);
			name = Storyboards;
			sourceTree = "<group>";
		};
		27EEDE9A1C37662E00A6CC62 /* Bundle Files */ = {
			isa = PBXGroup;
			children = (
				27EEDE7B1C36E98600A6CC62 /* AppDelegate.swift */,
				27EEDE851C36E98600A6CC62 /* Assets.xcassets */,
				27EEDE8A1C36E98600A6CC62 /* Info.plist */,
			);
			name = "Bundle Files";
			sourceTree = "<group>";
		};
		27EEDE9B1C37664100A6CC62 /* Core Data */ = {
			isa = PBXGroup;
			children = (
				27E0B3221C55923E00BD3752 /* History+CoreDataProperties.swift */,
				27E0B3231C55923E00BD3752 /* History.swift */,
				27EEDE821C36E98600A6CC62 /* PHQ_SADS.xcdatamodeld */,
			);
			name = "Core Data";
			sourceTree = "<group>";
		};
		6CA52B1092BF7F6508945973 /* Pods */ = {
			isa = PBXGroup;
			children = (
				6243C0292002EEF75F1AE47F /* Pods-PHQ-SADS.debug.xcconfig */,
				58636DB8A0063E24E26FDC2B /* Pods-PHQ-SADS.release.xcconfig */,
			);
			name = Pods;
			sourceTree = "<group>";
		};
		F929FDDFA55BA400A88B48ED /* Frameworks */ = {
			isa = PBXGroup;
			children = (
				7DD649A7F289130EECB47026 /* Pods_PHQ_SADS.framework */,
			);
			name = Frameworks;
			sourceTree = "<group>";
		};
/* End PBXGroup section */

/* Begin PBXNativeTarget section */
		27EEDE771C36E98600A6CC62 /* PHQ-SADS */ = {
			isa = PBXNativeTarget;
			buildConfigurationList = 27EEDE8D1C36E98600A6CC62 /* Build configuration list for PBXNativeTarget "PHQ-SADS" */;
			buildPhases = (
				1BB7162AAB9ED204B1F226C9 /* Check Pods Manifest.lock */,
				27EEDE741C36E98600A6CC62 /* Sources */,
				27EEDE751C36E98600A6CC62 /* Frameworks */,
				27EEDE761C36E98600A6CC62 /* Resources */,
				501C75A8CD7AE0628BA4647A /* Embed Pods Frameworks */,
				B05E6444DE15E7E8F9CBB6BB /* Copy Pods Resources */,
				273949261C698FF90068CDEB /* ShellScript */,
			);
			buildRules = (
			);
			dependencies = (
			);
			name = "PHQ-SADS";
			productName = "PHQ-SADS";
			productReference = 27EEDE781C36E98600A6CC62 /* PHQ-SADS.app */;
			productType = "com.apple.product-type.application";
		};
/* End PBXNativeTarget section */

/* Begin PBXProject section */
		27EEDE701C36E98600A6CC62 /* Project object */ = {
			isa = PBXProject;
			attributes = {
				LastSwiftUpdateCheck = 0720;
				LastUpgradeCheck = 0720;
				ORGANIZATIONNAME = "Code-Programming";
				TargetAttributes = {
					27EEDE771C36E98600A6CC62 = {
						CreatedOnToolsVersion = 7.2;
						DevelopmentTeam = QH652MJ3PW;
					};
				};
			};
			buildConfigurationList = 27EEDE731C36E98600A6CC62 /* Build configuration list for PBXProject "PHQ-SADS" */;
			compatibilityVersion = "Xcode 3.2";
			developmentRegion = English;
			hasScannedForEncodings = 0;
			knownRegions = (
				en,
				Base,
			);
			mainGroup = 27EEDE6F1C36E98600A6CC62;
			productRefGroup = 27EEDE791C36E98600A6CC62 /* Products */;
			projectDirPath = "";
			projectRoot = "";
			targets = (
				27EEDE771C36E98600A6CC62 /* PHQ-SADS */,
			);
		};
/* End PBXProject section */

/* Begin PBXResourcesBuildPhase section */
		27EEDE761C36E98600A6CC62 /* Resources */ = {
			isa = PBXResourcesBuildPhase;
			buildActionMask = 2147483647;
			files = (
				27EEDE891C36E98600A6CC62 /* LaunchScreen.storyboard in Resources */,
				27EEDE861C36E98600A6CC62 /* Assets.xcassets in Resources */,
				27EEDE811C36E98600A6CC62 /* Main.storyboard in Resources */,
			);
			runOnlyForDeploymentPostprocessing = 0;
		};
/* End PBXResourcesBuildPhase section */

/* Begin PBXShellScriptBuildPhase section */
		1BB7162AAB9ED204B1F226C9 /* Check Pods Manifest.lock */ = {
			isa = PBXShellScriptBuildPhase;
			buildActionMask = 2147483647;
			files = (
			);
			inputPaths = (
			);
			name = "Check Pods Manifest.lock";
			outputPaths = (
			);
			runOnlyForDeploymentPostprocessing = 0;
			shellPath = /bin/sh;
			shellScript = "diff \"${PODS_ROOT}/../Podfile.lock\" \"${PODS_ROOT}/Manifest.lock\" > /dev/null\nif [[ $? != 0 ]] ; then\n    cat << EOM\nerror: The sandbox is not in sync with the Podfile.lock. Run 'pod install' or update your CocoaPods installation.\nEOM\n    exit 1\nfi\n";
			showEnvVarsInLog = 0;
		};
		273949261C698FF90068CDEB /* ShellScript */ = {
			isa = PBXShellScriptBuildPhase;
			buildActionMask = 2147483647;
			files = (
			);
			inputPaths = (
			);
			outputPaths = (
			);
			runOnlyForDeploymentPostprocessing = 0;
			shellPath = /bin/sh;
			shellScript = "\"${PODS_ROOT}/Fabric/run\" e003857218bbc41988d197311007194227e8d1f0 71de6fa692ceaea4b9aa1ff3f79da0f63df41b0e437cc3d71205dd77629718cb";
		};
		501C75A8CD7AE0628BA4647A /* Embed Pods Frameworks */ = {
			isa = PBXShellScriptBuildPhase;
			buildActionMask = 2147483647;
			files = (
			);
			inputPaths = (
			);
			name = "Embed Pods Frameworks";
			outputPaths = (
			);
			runOnlyForDeploymentPostprocessing = 0;
			shellPath = /bin/sh;
			shellScript = "\"${SRCROOT}/Pods/Target Support Files/Pods-PHQ-SADS/Pods-PHQ-SADS-frameworks.sh\"\n";
			showEnvVarsInLog = 0;
		};
		B05E6444DE15E7E8F9CBB6BB /* Copy Pods Resources */ = {
			isa = PBXShellScriptBuildPhase;
			buildActionMask = 2147483647;
			files = (
			);
			inputPaths = (
			);
			name = "Copy Pods Resources";
			outputPaths = (
			);
			runOnlyForDeploymentPostprocessing = 0;
			shellPath = /bin/sh;
			shellScript = "\"${SRCROOT}/Pods/Target Support Files/Pods-PHQ-SADS/Pods-PHQ-SADS-resources.sh\"\n";
			showEnvVarsInLog = 0;
		};
/* End PBXShellScriptBuildPhase section */

/* Begin PBXSourcesBuildPhase section */
		27EEDE741C36E98600A6CC62 /* Sources */ = {
			isa = PBXSourcesBuildPhase;
			buildActionMask = 2147483647;
			files = (
				272F5F791C4C760B003BE5FE /* PHQTest.swift in Sources */,
				27EEDE841C36E98600A6CC62 /* PHQ_SADS.xcdatamodeld in Sources */,
				27EEDE911C3764F300A6CC62 /* TestViewController.swift in Sources */,
				27EEDE9D1C3766CB00A6CC62 /* ResultViewController.swift in Sources */,
				27F4D2F61C38A03000D097E0 /* PHQ-SADSViewController.swift in Sources */,
				275BEE181C43493800F416CA /* DataSource.swift in Sources */,
				27E0B3251C55923E00BD3752 /* History.swift in Sources */,
				274B833C1C64460600E7C30A /* MasterHistoryTableViewController.swift in Sources */,
				27053E851C72E043004ECC63 /* DepressionSourceTableViewController.swift in Sources */,
				27D9134D1C65BF5900A2BAC1 /* HistoryBarChartViewController.swift in Sources */,
				27EEDEA51C37724E00A6CC62 /* LeftMenuTableViewController.swift in Sources */,
				2729E5031C68262900D6DC0D /* InfoTableViewController.swift in Sources */,
				27EEDEA31C37723C00A6CC62 /* RightMenuTableViewController.swift in Sources */,
				2796C6671C4198ED00989DCE /* ContentViewController.swift in Sources */,
				27EEDE7C1C36E98600A6CC62 /* AppDelegate.swift in Sources */,
				27E0B3241C55923E00BD3752 /* History+CoreDataProperties.swift in Sources */,
			);
			runOnlyForDeploymentPostprocessing = 0;
		};
/* End PBXSourcesBuildPhase section */

/* Begin PBXVariantGroup section */
		27EEDE7F1C36E98600A6CC62 /* Main.storyboard */ = {
			isa = PBXVariantGroup;
			children = (
				27EEDE801C36E98600A6CC62 /* Base */,
			);
			name = Main.storyboard;
			sourceTree = "<group>";
		};
		27EEDE871C36E98600A6CC62 /* LaunchScreen.storyboard */ = {
			isa = PBXVariantGroup;
			children = (
				27EEDE881C36E98600A6CC62 /* Base */,
			);
			name = LaunchScreen.storyboard;
			sourceTree = "<group>";
		};
/* End PBXVariantGroup section */

/* Begin XCBuildConfiguration section */
		27EEDE8B1C36E98600A6CC62 /* Debug */ = {
			isa = XCBuildConfiguration;
			buildSettings = {
				ALWAYS_SEARCH_USER_PATHS = NO;
				CLANG_CXX_LANGUAGE_STANDARD = "gnu++0x";
				CLANG_CXX_LIBRARY = "libc++";
				CLANG_ENABLE_MODULES = YES;
				CLANG_ENABLE_OBJC_ARC = YES;
				CLANG_WARN_BOOL_CONVERSION = YES;
				CLANG_WARN_CONSTANT_CONVERSION = YES;
				CLANG_WARN_DIRECT_OBJC_ISA_USAGE = YES_ERROR;
				CLANG_WARN_EMPTY_BODY = YES;
				CLANG_WARN_ENUM_CONVERSION = YES;
				CLANG_WARN_INT_CONVERSION = YES;
				CLANG_WARN_OBJC_ROOT_CLASS = YES_ERROR;
				CLANG_WARN_UNREACHABLE_CODE = YES;
				CLANG_WARN__DUPLICATE_METHOD_MATCH = YES;
				"CODE_SIGN_IDENTITY[sdk=iphoneos*]" = "iPhone Developer";
				COPY_PHASE_STRIP = NO;
				DEBUG_INFORMATION_FORMAT = "dwarf-with-dsym";
				ENABLE_STRICT_OBJC_MSGSEND = YES;
				ENABLE_TESTABILITY = YES;
				GCC_C_LANGUAGE_STANDARD = gnu99;
				GCC_DYNAMIC_NO_PIC = NO;
				GCC_NO_COMMON_BLOCKS = YES;
				GCC_OPTIMIZATION_LEVEL = 0;
				GCC_PREPROCESSOR_DEFINITIONS = (
					"DEBUG=1",
					"$(inherited)",
				);
				GCC_WARN_64_TO_32_BIT_CONVERSION = YES;
				GCC_WARN_ABOUT_RETURN_TYPE = YES_ERROR;
				GCC_WARN_UNDECLARED_SELECTOR = YES;
				GCC_WARN_UNINITIALIZED_AUTOS = YES_AGGRESSIVE;
				GCC_WARN_UNUSED_FUNCTION = YES;
				GCC_WARN_UNUSED_VARIABLE = YES;
				IPHONEOS_DEPLOYMENT_TARGET = 9.2;
				MTL_ENABLE_DEBUG_INFO = YES;
				ONLY_ACTIVE_ARCH = YES;
				SDKROOT = iphoneos;
				SWIFT_OPTIMIZATION_LEVEL = "-Onone";
			};
			name = Debug;
		};
		27EEDE8C1C36E98600A6CC62 /* Release */ = {
			isa = XCBuildConfiguration;
			buildSettings = {
				ALWAYS_SEARCH_USER_PATHS = NO;
				CLANG_CXX_LANGUAGE_STANDARD = "gnu++0x";
				CLANG_CXX_LIBRARY = "libc++";
				CLANG_ENABLE_MODULES = YES;
				CLANG_ENABLE_OBJC_ARC = YES;
				CLANG_WARN_BOOL_CONVERSION = YES;
				CLANG_WARN_CONSTANT_CONVERSION = YES;
				CLANG_WARN_DIRECT_OBJC_ISA_USAGE = YES_ERROR;
				CLANG_WARN_EMPTY_BODY = YES;
				CLANG_WARN_ENUM_CONVERSION = YES;
				CLANG_WARN_INT_CONVERSION = YES;
				CLANG_WARN_OBJC_ROOT_CLASS = YES_ERROR;
				CLANG_WARN_UNREACHABLE_CODE = YES;
				CLANG_WARN__DUPLICATE_METHOD_MATCH = YES;
				"CODE_SIGN_IDENTITY[sdk=iphoneos*]" = "iPhone Developer";
				COPY_PHASE_STRIP = NO;
				DEBUG_INFORMATION_FORMAT = "dwarf-with-dsym";
				ENABLE_NS_ASSERTIONS = NO;
				ENABLE_STRICT_OBJC_MSGSEND = YES;
				GCC_C_LANGUAGE_STANDARD = gnu99;
				GCC_NO_COMMON_BLOCKS = YES;
				GCC_WARN_64_TO_32_BIT_CONVERSION = YES;
				GCC_WARN_ABOUT_RETURN_TYPE = YES_ERROR;
				GCC_WARN_UNDECLARED_SELECTOR = YES;
				GCC_WARN_UNINITIALIZED_AUTOS = YES_AGGRESSIVE;
				GCC_WARN_UNUSED_FUNCTION = YES;
				GCC_WARN_UNUSED_VARIABLE = YES;
				IPHONEOS_DEPLOYMENT_TARGET = 9.2;
				MTL_ENABLE_DEBUG_INFO = NO;
				SDKROOT = iphoneos;
				VALIDATE_PRODUCT = YES;
			};
			name = Release;
		};
		27EEDE8E1C36E98600A6CC62 /* Debug */ = {
			isa = XCBuildConfiguration;
			baseConfigurationReference = 6243C0292002EEF75F1AE47F /* Pods-PHQ-SADS.debug.xcconfig */;
			buildSettings = {
				ASSETCATALOG_COMPILER_APPICON_NAME = AppIcon;
				CLANG_ENABLE_MODULES = YES;
				CODE_SIGN_IDENTITY = "iPhone Developer";
				"CODE_SIGN_IDENTITY[sdk=iphoneos*]" = "iPhone Developer";
				INFOPLIST_FILE = "PHQ-SADS/Info.plist";
				LD_RUNPATH_SEARCH_PATHS = "$(inherited) @executable_path/Frameworks";
				PRODUCT_BUNDLE_IDENTIFIER = "com.code-Programming.PHQ-SADS";
				PRODUCT_NAME = "$(TARGET_NAME)";
				PROVISIONING_PROFILE = "";
				SWIFT_OBJC_BRIDGING_HEADER = "";
				SWIFT_OPTIMIZATION_LEVEL = "-Onone";
			};
			name = Debug;
		};
		27EEDE8F1C36E98600A6CC62 /* Release */ = {
			isa = XCBuildConfiguration;
			baseConfigurationReference = 58636DB8A0063E24E26FDC2B /* Pods-PHQ-SADS.release.xcconfig */;
			buildSettings = {
				ASSETCATALOG_COMPILER_APPICON_NAME = AppIcon;
				CLANG_ENABLE_MODULES = YES;
				CODE_SIGN_IDENTITY = "iPhone Developer";
				"CODE_SIGN_IDENTITY[sdk=iphoneos*]" = "iPhone Developer";
				INFOPLIST_FILE = "PHQ-SADS/Info.plist";
				LD_RUNPATH_SEARCH_PATHS = "$(inherited) @executable_path/Frameworks";
				PRODUCT_BUNDLE_IDENTIFIER = "com.code-Programming.PHQ-SADS";
				PRODUCT_NAME = "$(TARGET_NAME)";
				PROVISIONING_PROFILE = "";
				SWIFT_OBJC_BRIDGING_HEADER = "";
			};
			name = Release;
		};
/* End XCBuildConfiguration section */

/* Begin XCConfigurationList section */
		27EEDE731C36E98600A6CC62 /* Build configuration list for PBXProject "PHQ-SADS" */ = {
			isa = XCConfigurationList;
			buildConfigurations = (
				27EEDE8B1C36E98600A6CC62 /* Debug */,
				27EEDE8C1C36E98600A6CC62 /* Release */,
			);
			defaultConfigurationIsVisible = 0;
			defaultConfigurationName = Release;
		};
		27EEDE8D1C36E98600A6CC62 /* Build configuration list for PBXNativeTarget "PHQ-SADS" */ = {
			isa = XCConfigurationList;
			buildConfigurations = (
				27EEDE8E1C36E98600A6CC62 /* Debug */,
				27EEDE8F1C36E98600A6CC62 /* Release */,
			);
			defaultConfigurationIsVisible = 0;
			defaultConfigurationName = Release;
		};
/* End XCConfigurationList section */

/* Begin XCVersionGroup section */
		27EEDE821C36E98600A6CC62 /* PHQ_SADS.xcdatamodeld */ = {
			isa = XCVersionGroup;
			children = (
				27EEDE831C36E98600A6CC62 /* PHQ_SADS.xcdatamodel */,
			);
			currentVersion = 27EEDE831C36E98600A6CC62 /* PHQ_SADS.xcdatamodel */;
			path = PHQ_SADS.xcdatamodeld;
			sourceTree = "<group>";
			versionGroupType = wrapper.xcdatamodel;
		};
/* End XCVersionGroup section */
	};
	rootObject = 27EEDE701C36E98600A6CC62 /* Project object */;
}
